
Microsoft Visual Studio Solution File, Format Version 12.00
# Visual Studio Version 16
VisualStudioVersion = 16.0.30717.126
MinimumVisualStudioVersion = 10.0.40219.1
Project("{FAE04EC0-301F-11D3-BF4B-00C04F79EFBC}") = "Library", "Library\Library.csproj", "{153F5E03-890C-4C02-A0CC-9FD22E35D09E}"
EndProject
Global
	GlobalSection(SolutionConfigurationPlatforms) = preSolution
		Debug|Any CPU = Debug|Any CPU
		Release|Any CPU = Release|Any CPU
	EndGlobalSection
	GlobalSection(ProjectConfigurationPlatforms) = postSolution
		{153F5E03-890C-4C02-A0CC-9FD22E35D09E}.Debug|Any CPU.ActiveCfg = Debug|Any CPU
		{153F5E03-890C-4C02-A0CC-9FD22E35D09E}.Debug|Any CPU.Build.0 = Debug|Any CPU
		{153F5E03-890C-4C02-A0CC-9FD22E35D09E}.Release|Any CPU.ActiveCfg = Release|Any CPU
		{153F5E03-890C-4C02-A0CC-9FD22E35D09E}.Release|Any CPU.Build.0 = Release|Any CPU
	EndGlobalSection
	GlobalSection(SolutionProperties) = preSolution
		HideSolutionNode = FALSE
	EndGlobalSection
	GlobalSection(ExtensibilityGlobals) = postSolution
		SolutionGuid = {2CDE94C8-2CAB-4464-9890-FD8ED7E33648}
	EndGlobalSection
EndGlobal
